
Microsoft Visual Studio Solution File, Format Version 12.00
# Visual Studio for Mac
Project("{FAE04EC0-301F-11D3-BF4B-00C04F79EFBC}") = "Assembly-CSharp", "Assembly-CSharp.csproj", "{E8E79F34-62F6-4326-E691-2FCD39EC56A5}"
EndProject
Project("{FAE04EC0-301F-11D3-BF4B-00C04F79EFBC}") = "Assembly-CSharp-Editor", "Assembly-CSharp-Editor.csproj", "{11C1B9AA-5890-83B8-1437-AFE59303225A}"
EndProject
Global
	GlobalSection(SolutionConfigurationPlatforms) = preSolution
		Debug|Any CPU = Debug|Any CPU
		Release|Any CPU = Release|Any CPU
	EndGlobalSection
	GlobalSection(ProjectConfigurationPlatforms) = postSolution
		{E8E79F34-62F6-4326-E691-2FCD39EC56A5}.Debug|Any CPU.ActiveCfg = Debug|Any CPU
		{E8E79F34-62F6-4326-E691-2FCD39EC56A5}.Debug|Any CPU.Build.0 = Debug|Any CPU
		{E8E79F34-62F6-4326-E691-2FCD39EC56A5}.Release|Any CPU.ActiveCfg = Release|Any CPU
		{E8E79F34-62F6-4326-E691-2FCD39EC56A5}.Release|Any CPU.Build.0 = Release|Any CPU
		{11C1B9AA-5890-83B8-1437-AFE59303225A}.Debug|Any CPU.ActiveCfg = Debug|Any CPU
		{11C1B9AA-5890-83B8-1437-AFE59303225A}.Debug|Any CPU.Build.0 = Debug|Any CPU
		{11C1B9AA-5890-83B8-1437-AFE59303225A}.Release|Any CPU.ActiveCfg = Release|Any CPU
		{11C1B9AA-5890-83B8-1437-AFE59303225A}.Release|Any CPU.Build.0 = Release|Any CPU
	EndGlobalSection
	GlobalSection(SolutionProperties) = preSolution
		HideSolutionNode = FALSE
	EndGlobalSection
EndGlobal
